// !$*UTF8*$!
{
	archiveVersion = 1;
	classes = {
	};
	objectVersion = 77;
	objects = {

/* Begin PBXBuildFile section */
		3CF36D329C07A54648C4299E /* SleepAssertionManager.swift in Sources */ = {isa = PBXBuildFile; fileRef = C829051A9A4218DD77F2C32C /* SleepAssertionManager.swift */; };
		541567C97E61A0C6862FF6D1 /* LidMonitor.swift in Sources */ = {isa = PBXBuildFile; fileRef = 0DE3FEBA7898EB6C7BE896A9 /* LidMonitor.swift */; };
		7C340361E5950D9982E45146 /* Assets.xcassets in Resources */ = {isa = PBXBuildFile; fileRef = DD81DF72ADB6F9916C297486 /* Assets.xcassets */; };
		7DF07DAB6995A0E7A56D2F13 /* MacStayOnApp.swift in Sources */ = {isa = PBXBuildFile; fileRef = C1286037094980442A8B90FA /* MacStayOnApp.swift */; };
		FE32EDAF8A7800965EBF4CCC /* SessionAnalytics.swift in Sources */ = {isa = PBXBuildFile; fileRef = 29FE82A6B2D548C210FA377A /* SessionAnalytics.swift */; };
/* End PBXBuildFile section */

/* Begin PBXFileReference section */
		0DE3FEBA7898EB6C7BE896A9 /* LidMonitor.swift */ = {isa = PBXFileReference; lastKnownFileType = sourcecode.swift; path = LidMonitor.swift; sourceTree = "<group>"; };
		25AB80C519C1F0D8850950B5 /* MacStayOn.app */ = {isa = PBXFileReference; explicitFileType = wrapper.application; includeInIndex = 0; path = MacStayOn.app; sourceTree = BUILT_PRODUCTS_DIR; };
		29FE82A6B2D548C210FA377A /* SessionAnalytics.swift */ = {isa = PBXFileReference; lastKnownFileType = sourcecode.swift; path = SessionAnalytics.swift; sourceTree = "<group>"; };
		5D5B0E6326B2762E8D6D6FBC /* MacStayOn.entitlements */ = {isa = PBXFileReference; lastKnownFileType = text.plist.entitlements; path = MacStayOn.entitlements; sourceTree = "<group>"; };
		63BFA15901EA4552DFB5ED84 /* MacStayOn-Bridging-Header.h */ = {isa = PBXFileReference; lastKnownFileType = sourcecode.c.h; path = "MacStayOn-Bridging-Header.h"; sourceTree = "<group>"; };
		C1286037094980442A8B90FA /* MacStayOnApp.swift */ = {isa = PBXFileReference; lastKnownFileType = sourcecode.swift; path = MacStayOnApp.swift; sourceTree = "<group>"; };
		C829051A9A4218DD77F2C32C /* SleepAssertionManager.swift */ = {isa = PBXFileReference; lastKnownFileType = sourcecode.swift; path = SleepAssertionManager.swift; sourceTree = "<group>"; };
		DD81DF72ADB6F9916C297486 /* Assets.xcassets */ = {isa = PBXFileReference; lastKnownFileType = folder.assetcatalog; path = Assets.xcassets; sourceTree = "<group>"; };
		EF158FFE4308ECB5751ADE98 /* Info.plist */ = {isa = PBXFileReference; lastKnownFileType = text.plist; path = Info.plist; sourceTree = "<group>"; };
/* End PBXFileReference section */

/* Begin PBXGroup section */
		0D022B2758C5ED1A35615AF5 /* MacStayOn */ = {
			isa = PBXGroup;
			children = (
				DD81DF72ADB6F9916C297486 /* Assets.xcassets */,
				EF158FFE4308ECB5751ADE98 /* Info.plist */,
				0DE3FEBA7898EB6C7BE896A9 /* LidMonitor.swift */,
				63BFA15901EA4552DFB5ED84 /* MacStayOn-Bridging-Header.h */,
				5D5B0E6326B2762E8D6D6FBC /* MacStayOn.entitlements */,
				C1286037094980442A8B90FA /* MacStayOnApp.swift */,
				29FE82A6B2D548C210FA377A /* SessionAnalytics.swift */,
				C829051A9A4218DD77F2C32C /* SleepAssertionManager.swift */,
			);
			path = MacStayOn;
			sourceTree = "<group>";
		};
		3147F13761AAF3B3D02F1BB8 /* Products */ = {
			isa = PBXGroup;
			children = (
				25AB80C519C1F0D8850950B5 /* MacStayOn.app */,
			);
			name = Products;
			sourceTree = "<group>";
		};
		E638FC0270815477E44C833E = {
			isa = PBXGroup;
			children = (
				0D022B2758C5ED1A35615AF5 /* MacStayOn */,
				3147F13761AAF3B3D02F1BB8 /* Products */,
			);
			sourceTree = "<group>";
		};
/* End PBXGroup section */

/* Begin PBXNativeTarget section */
		41AB4B2CF64312C81B3754C3 /* MacStayOn */ = {
			isa = PBXNativeTarget;
			buildConfigurationList = 99504AF1E6005FAB6DE524C9 /* Build configuration list for PBXNativeTarget "MacStayOn" */;
			buildPhases = (
				B61544B7A7AC92CE02444CBC /* Sources */,
				5A25A87E0FE0A2784FADE648 /* Resources */,
			);
			buildRules = (
			);
			dependencies = (
			);
			name = MacStayOn;
			packageProductDependencies = (
			);
			productName = MacStayOn;
			productReference = 25AB80C519C1F0D8850950B5 /* MacStayOn.app */;
			productType = "com.apple.product-type.application";
		};
/* End PBXNativeTarget section */

/* Begin PBXProject section */
		69C38F75688C82FB6C75F22F /* Project object */ = {
			isa = PBXProject;
			attributes = {
				BuildIndependentTargetsInParallel = YES;
				LastUpgradeCheck = 1500;
				TargetAttributes = {
				};
			};
			buildConfigurationList = E12179FB2FBE9EE71C4C5E0C /* Build configuration list for PBXProject "MacStayOn" */;
			developmentRegion = en;
			hasScannedForEncodings = 0;
			knownRegions = (
				Base,
				en,
			);
			mainGroup = E638FC0270815477E44C833E;
			minimizedProjectReferenceProxies = 1;
			preferredProjectObjectVersion = 77;
			productRefGroup = 3147F13761AAF3B3D02F1BB8 /* Products */;
			projectDirPath = "";
			projectRoot = "";
			targets = (
				41AB4B2CF64312C81B3754C3 /* MacStayOn */,
			);
		};
/* End PBXProject section */

/* Begin PBXResourcesBuildPhase section */
		5A25A87E0FE0A2784FADE648 /* Resources */ = {
			isa = PBXResourcesBuildPhase;
			buildActionMask = 2147483647;
			files = (
				7C340361E5950D9982E45146 /* Assets.xcassets in Resources */,
			);
			runOnlyForDeploymentPostprocessing = 0;
		};
/* End PBXResourcesBuildPhase section */

/* Begin PBXSourcesBuildPhase section */
		B61544B7A7AC92CE02444CBC /* Sources */ = {
			isa = PBXSourcesBuildPhase;
			buildActionMask = 2147483647;
			files = (
				541567C97E61A0C6862FF6D1 /* LidMonitor.swift in Sources */,
				7DF07DAB6995A0E7A56D2F13 /* MacStayOnApp.swift in Sources */,
				FE32EDAF8A7800965EBF4CCC /* SessionAnalytics.swift in Sources */,
				3CF36D329C07A54648C4299E /* SleepAssertionManager.swift in Sources */,
			);
			runOnlyForDeploymentPostprocessing = 0;
		};
/* End PBXSourcesBuildPhase section */

/* Begin XCBuildConfiguration section */
		2EBF3726993CFE465B88F940 /* Release */ = {
			isa = XCBuildConfiguration;
			buildSettings = {
				ASSETCATALOG_COMPILER_APPICON_NAME = AppIcon;
				CODE_SIGN_ENTITLEMENTS = MacStayOn/MacStayOn.entitlements;
				COMBINE_HIDPI_IMAGES = YES;
				CURRENT_PROJECT_VERSION = 1;
				ENABLE_HARDENED_RUNTIME = YES;
				GENERATE_INFOPLIST_FILE = NO;
				INFOPLIST_FILE = MacStayOn/Info.plist;
				LD_RUNPATH_SEARCH_PATHS = (
					"$(inherited)",
					"@executable_path/../Frameworks",
				);
				MARKETING_VERSION = 1.0.0;
				PRODUCT_BUNDLE_IDENTIFIER = com.markdebartolo.MacStayOn;
				PRODUCT_NAME = MacStayOn;
				SDKROOT = macosx;
				SWIFT_EMIT_LOC_STRINGS = NO;
				SWIFT_OBJC_BRIDGING_HEADER = "MacStayOn/MacStayOn-Bridging-Header.h";
			};
			name = Release;
		};
		5C2CA306D1FA645E2DE1E2E5 /* Debug */ = {
			isa = XCBuildConfiguration;
			buildSettings = {
				ALWAYS_SEARCH_USER_PATHS = NO;
				CLANG_ANALYZER_NONNULL = YES;
				CLANG_ANALYZER_NUMBER_OBJECT_CONVERSION = YES_AGGRESSIVE;
				CLANG_CXX_LANGUAGE_STANDARD = "gnu++14";
				CLANG_CXX_LIBRARY = "libc++";
				CLANG_ENABLE_MODULES = YES;
				CLANG_ENABLE_OBJC_ARC = YES;
				CLANG_ENABLE_OBJC_WEAK = YES;
				CLANG_WARN_BLOCK_CAPTURE_AUTORELEASING = YES;
				CLANG_WARN_BOOL_CONVERSION = YES;
				CLANG_WARN_COMMA = YES;
				CLANG_WARN_CONSTANT_CONVERSION = YES;
				CLANG_WARN_DEPRECATED_OBJC_IMPLEMENTATIONS = YES;
				CLANG_WARN_DIRECT_OBJC_ISA_USAGE = YES_ERROR;
				CLANG_WARN_DOCUMENTATION_COMMENTS = YES;
				CLANG_WARN_EMPTY_BODY = YES;
				CLANG_WARN_ENUM_CONVERSION = YES;
				CLANG_WARN_INFINITE_RECURSION = YES;
				CLANG_WARN_INT_CONVERSION = YES;
				CLANG_WARN_NON_LITERAL_NULL_CONVERSION = YES;
				CLANG_WARN_OBJC_IMPLICIT_RETAIN_SELF = YES;
				CLANG_WARN_OBJC_LITERAL_CONVERSION = YES;
				CLANG_WARN_OBJC_ROOT_CLASS = YES_ERROR;
				CLANG_WARN_QUOTED_INCLUDE_IN_FRAMEWORK_HEADER = YES;
				CLANG_WARN_RANGE_LOOP_ANALYSIS = YES;
				CLANG_WARN_STRICT_PROTOTYPES = YES;
				CLANG_WARN_SUSPICIOUS_MOVE = YES;
				CLANG_WARN_UNGUARDED_AVAILABILITY = YES_AGGRESSIVE;
				CLANG_WARN_UNREACHABLE_CODE = YES;
				CLANG_WARN__DUPLICATE_METHOD_MATCH = YES;
				CODE_SIGNING_ALLOWED = YES;
				CODE_SIGNING_REQUIRED = NO;
				CODE_SIGN_IDENTITY = "-";
				COPY_PHASE_STRIP = NO;
				DEBUG_INFORMATION_FORMAT = dwarf;
				ENABLE_STRICT_OBJC_MSGSEND = YES;
				ENABLE_TESTABILITY = YES;
				GCC_C_LANGUAGE_STANDARD = gnu11;
				GCC_DYNAMIC_NO_PIC = NO;
				GCC_NO_COMMON_BLOCKS = YES;
				GCC_OPTIMIZATION_LEVEL = 0;
				GCC_PREPROCESSOR_DEFINITIONS = (
					"$(inherited)",
					"DEBUG=1",
				);
				GCC_WARN_64_TO_32_BIT_CONVERSION = YES;
				GCC_WARN_ABOUT_RETURN_TYPE = YES_ERROR;
				GCC_WARN_UNDECLARED_SELECTOR = YES;
				GCC_WARN_UNINITIALIZED_AUTOS = YES_AGGRESSIVE;
				GCC_WARN_UNUSED_FUNCTION = YES;
				GCC_WARN_UNUSED_VARIABLE = YES;
				MACOSX_DEPLOYMENT_TARGET = 13.0;
				MTL_ENABLE_DEBUG_INFO = INCLUDE_SOURCE;
				MTL_FAST_MATH = YES;
				ONLY_ACTIVE_ARCH = YES;
				PRODUCT_NAME = "$(TARGET_NAME)";
				SDKROOT = macosx;
				SWIFT_ACTIVE_COMPILATION_CONDITIONS = DEBUG;
				SWIFT_OPTIMIZATION_LEVEL = "-Onone";
				SWIFT_VERSION = 5.0;
			};
			name = Debug;
		};
		94405DBF1948557C4611ADD9 /* Debug */ = {
			isa = XCBuildConfiguration;
			buildSettings = {
				ASSETCATALOG_COMPILER_APPICON_NAME = AppIcon;
				CODE_SIGN_ENTITLEMENTS = MacStayOn/MacStayOn.entitlements;
				COMBINE_HIDPI_IMAGES = YES;
				CURRENT_PROJECT_VERSION = 1;
				ENABLE_HARDENED_RUNTIME = YES;
				GENERATE_INFOPLIST_FILE = NO;
				INFOPLIST_FILE = MacStayOn/Info.plist;
				LD_RUNPATH_SEARCH_PATHS = (
					"$(inherited)",
					"@executable_path/../Frameworks",
				);
				MARKETING_VERSION = 1.0.0;
				PRODUCT_BUNDLE_IDENTIFIER = com.markdebartolo.MacStayOn;
				PRODUCT_NAME = MacStayOn;
				SDKROOT = macosx;
				SWIFT_EMIT_LOC_STRINGS = NO;
				SWIFT_OBJC_BRIDGING_HEADER = "MacStayOn/MacStayOn-Bridging-Header.h";
			};
			name = Debug;
		};
		A7DED1D603FB82B6F30EDCA9 /* Release */ = {
			isa = XCBuildConfiguration;
			buildSettings = {
				ALWAYS_SEARCH_USER_PATHS = NO;
				CLANG_ANALYZER_NONNULL = YES;
				CLANG_ANALYZER_NUMBER_OBJECT_CONVERSION = YES_AGGRESSIVE;
				CLANG_CXX_LANGUAGE_STANDARD = "gnu++14";
				CLANG_CXX_LIBRARY = "libc++";
				CLANG_ENABLE_MODULES = YES;
				CLANG_ENABLE_OBJC_ARC = YES;
				CLANG_ENABLE_OBJC_WEAK = YES;
				CLANG_WARN_BLOCK_CAPTURE_AUTORELEASING = YES;
				CLANG_WARN_BOOL_CONVERSION = YES;
				CLANG_WARN_COMMA = YES;
				CLANG_WARN_CONSTANT_CONVERSION = YES;
				CLANG_WARN_DEPRECATED_OBJC_IMPLEMENTATIONS = YES;
				CLANG_WARN_DIRECT_OBJC_ISA_USAGE = YES_ERROR;
				CLANG_WARN_DOCUMENTATION_COMMENTS = YES;
				CLANG_WARN_EMPTY_BODY = YES;
				CLANG_WARN_ENUM_CONVERSION = YES;
				CLANG_WARN_INFINITE_RECURSION = YES;
				CLANG_WARN_INT_CONVERSION = YES;
				CLANG_WARN_NON_LITERAL_NULL_CONVERSION = YES;
				CLANG_WARN_OBJC_IMPLICIT_RETAIN_SELF = YES;
				CLANG_WARN_OBJC_LITERAL_CONVERSION = YES;
				CLANG_WARN_OBJC_ROOT_CLASS = YES_ERROR;
				CLANG_WARN_QUOTED_INCLUDE_IN_FRAMEWORK_HEADER = YES;
				CLANG_WARN_RANGE_LOOP_ANALYSIS = YES;
				CLANG_WARN_STRICT_PROTOTYPES = YES;
				CLANG_WARN_SUSPICIOUS_MOVE = YES;
				CLANG_WARN_UNGUARDED_AVAILABILITY = YES_AGGRESSIVE;
				CLANG_WARN_UNREACHABLE_CODE = YES;
				CLANG_WARN__DUPLICATE_METHOD_MATCH = YES;
				CODE_SIGNING_ALLOWED = YES;
				CODE_SIGNING_REQUIRED = NO;
				CODE_SIGN_IDENTITY = "-";
				COPY_PHASE_STRIP = NO;
				DEBUG_INFORMATION_FORMAT = "dwarf-with-dsym";
				ENABLE_NS_ASSERTIONS = NO;
				ENABLE_STRICT_OBJC_MSGSEND = YES;
				GCC_C_LANGUAGE_STANDARD = gnu11;
				GCC_NO_COMMON_BLOCKS = YES;
				GCC_WARN_64_TO_32_BIT_CONVERSION = YES;
				GCC_WARN_ABOUT_RETURN_TYPE = YES_ERROR;
				GCC_WARN_UNDECLARED_SELECTOR = YES;
				GCC_WARN_UNINITIALIZED_AUTOS = YES_AGGRESSIVE;
				GCC_WARN_UNUSED_FUNCTION = YES;
				GCC_WARN_UNUSED_VARIABLE = YES;
				MACOSX_DEPLOYMENT_TARGET = 13.0;
				MTL_ENABLE_DEBUG_INFO = NO;
				MTL_FAST_MATH = YES;
				PRODUCT_NAME = "$(TARGET_NAME)";
				SDKROOT = macosx;
				SWIFT_COMPILATION_MODE = wholemodule;
				SWIFT_OPTIMIZATION_LEVEL = "-O";
				SWIFT_VERSION = 5.0;
			};
			name = Release;
		};
/* End XCBuildConfiguration section */

/* Begin XCConfigurationList section */
		99504AF1E6005FAB6DE524C9 /* Build configuration list for PBXNativeTarget "MacStayOn" */ = {
			isa = XCConfigurationList;
			buildConfigurations = (
				94405DBF1948557C4611ADD9 /* Debug */,
				2EBF3726993CFE465B88F940 /* Release */,
			);
			defaultConfigurationIsVisible = 0;
			defaultConfigurationName = Debug;
		};
		E12179FB2FBE9EE71C4C5E0C /* Build configuration list for PBXProject "MacStayOn" */ = {
			isa = XCConfigurationList;
			buildConfigurations = (
				5C2CA306D1FA645E2DE1E2E5 /* Debug */,
				A7DED1D603FB82B6F30EDCA9 /* Release */,
			);
			defaultConfigurationIsVisible = 0;
			defaultConfigurationName = Debug;
		};
/* End XCConfigurationList section */
	};
	rootObject = 69C38F75688C82FB6C75F22F /* Project object */;
}
